{
  "pins" : [
    {
      "identity" : "keypointdecoder",
      "kind" : "remoteSourceControl",
      "location" : "https://github.com/mbotsu/KeypointDecoder",
      "state" : {
        "revision" : "75cdae3495158b9c23bb7b29681362e09ce81961",
        "version" : "0.0.5"
      }
    }
  ],
  "version" : 2
}
