{
  "pins" : [
    {
      "identity" : "keypointdecoder",
      "kind" : "remoteSourceControl",
      "location" : "https://github.com/mbotsu/KeypointDecoder",
      "state" : {
        "revision" : "05dc4f640904a60676cbea59a982aff9a55a43e0",
        "version" : "0.0.3"
      }
    }
  ],
  "version" : 2
}
