{
  "pins" : [
    {
      "identity" : "keypointdecoder",
      "kind" : "remoteSourceControl",
      "location" : "https://github.com/mbotsu/KeypointDecoder",
      "state" : {
        "revision" : "ecea8ab6279f1e6e2c369bbc9f42ee2a346b520d",
        "version" : "0.0.4"
      }
    }
  ],
  "version" : 2
}
